Microsoft Visual Studio Solution File, Format Version 12.00
# Visual Studio 15
VisualStudioVersion = 15.0.27004.2005
MinimumVisualStudioVersion = 10.0.40219.1
Project("{2150E333-8FDC-42A3-9474-1A3956D46DE8}") = "Sample", "Sample", "{74A0515C-14B2-40C5-B0EB-89F775FA1608}"
EndProject
Project("{FAE04EC0-301F-11D3-BF4B-00C04F79EFBC}") = "Xamarin.Cognitive.BingSpeech.Sample.iOS", "Sample\iOS\Xamarin.Cognitive.BingSpeech.Sample.iOS.csproj", "{10B3BA2C-374B-4663-8C99-C5CCCA04A039}"
EndProject
Project("{FAE04EC0-301F-11D3-BF4B-00C04F79EFBC}") = "Xamarin.Cognitive.BingSpeech.Sample.UWP", "Sample\UWP\Xamarin.Cognitive.BingSpeech.Sample.UWP.csproj", "{CA2DD9C4-1502-46AA-B686-7C57389129A8}"
EndProject
Project("{5DD5E4FA-CB73-4610-85AB-557B54E96AA9}") = "Xamarin.Cognitive.BingSpeech.NuGet", "Xamarin.Cognitive.BingSpeech.NuGet\Xamarin.Cognitive.BingSpeech.NuGet.nuproj", "{4643711C-5C55-476E-A066-664A5A33D1A4}"
EndProject
Project("{9A19103F-16F7-4668-BE54-9A1E7A4F7556}") = "Xamarin.Cognitive.BingSpeech", "Xamarin.Cognitive.BingSpeech\Xamarin.Cognitive.BingSpeech.csproj", "{424695E8-BF72-4F59-B5F7-EA841DF8E145}"
EndProject
Project("{9A19103F-16F7-4668-BE54-9A1E7A4F7556}") = "Xamarin.Cognitive.BingSpeech.Sample", "Sample\Xamarin.Cognitive.BingSpeech.Sample\Xamarin.Cognitive.BingSpeech.Sample.csproj", "{2A9A3038-C67A-4381-9CD5-E0A593277C76}"
EndProject
Project("{FAE04EC0-301F-11D3-BF4B-00C04F79EFBC}") = "Xamarin.Cognitive.BingSpeech.Sample.Droid", "Sample\Xamarin.Cognitive.BingSpeech.Sample.Droid\Xamarin.Cognitive.BingSpeech.Sample.Droid.csproj", "{ECBE4C27-7D70-4600-988F-E089BA087F5E}"
EndProject
Global
	GlobalSection(SolutionConfigurationPlatforms) = preSolution
		Debug|Any CPU = Debug|Any CPU
		Debug|ARM = Debug|ARM
		Debug|iPhone = Debug|iPhone
		Debug|iPhoneSimulator = Debug|iPhoneSimulator
		Debug|x64 = Debug|x64
		Debug|x86 = Debug|x86
		Release|Any CPU = Release|Any CPU
		Release|ARM = Release|ARM
		Release|iPhone = Release|iPhone
		Release|iPhoneSimulator = Release|iPhoneSimulator
		Release|x64 = Release|x64
		Release|x86 = Release|x86
	EndGlobalSection
	GlobalSection(ProjectConfigurationPlatforms) = postSolution
		{10B3BA2C-374B-4663-8C99-C5CCCA04A039}.Debug|Any CPU.ActiveCfg = Debug|iPhoneSimulator
		{10B3BA2C-374B-4663-8C99-C5CCCA04A039}.Debug|Any CPU.Build.0 = Debug|iPhoneSimulator
		{10B3BA2C-374B-4663-8C99-C5CCCA04A039}.Debug|ARM.ActiveCfg = Debug|iPhone
		{10B3BA2C-374B-4663-8C99-C5CCCA04A039}.Debug|iPhone.ActiveCfg = Debug|iPhone
		{10B3BA2C-374B-4663-8C99-C5CCCA04A039}.Debug|iPhone.Build.0 = Debug|iPhone
		{10B3BA2C-374B-4663-8C99-C5CCCA04A039}.Debug|iPhoneSimulator.ActiveCfg = Debug|iPhoneSimulator
		{10B3BA2C-374B-4663-8C99-C5CCCA04A039}.Debug|iPhoneSimulator.Build.0 = Debug|iPhoneSimulator
		{10B3BA2C-374B-4663-8C99-C5CCCA04A039}.Debug|x64.ActiveCfg = Debug|iPhone
		{10B3BA2C-374B-4663-8C99-C5CCCA04A039}.Debug|x86.ActiveCfg = Debug|iPhone
		{10B3BA2C-374B-4663-8C99-C5CCCA04A039}.Release|Any CPU.ActiveCfg = Release|iPhone
		{10B3BA2C-374B-4663-8C99-C5CCCA04A039}.Release|Any CPU.Build.0 = Release|iPhone
		{10B3BA2C-374B-4663-8C99-C5CCCA04A039}.Release|ARM.ActiveCfg = Release|iPhoneSimulator
		{10B3BA2C-374B-4663-8C99-C5CCCA04A039}.Release|iPhone.ActiveCfg = Release|iPhone
		{10B3BA2C-374B-4663-8C99-C5CCCA04A039}.Release|iPhone.Build.0 = Release|iPhone
		{10B3BA2C-374B-4663-8C99-C5CCCA04A039}.Release|iPhoneSimulator.ActiveCfg = Release|iPhoneSimulator
		{10B3BA2C-374B-4663-8C99-C5CCCA04A039}.Release|iPhoneSimulator.Build.0 = Release|iPhoneSimulator
		{10B3BA2C-374B-4663-8C99-C5CCCA04A039}.Release|x64.ActiveCfg = Release|iPhoneSimulator
		{10B3BA2C-374B-4663-8C99-C5CCCA04A039}.Release|x86.ActiveCfg = Release|iPhoneSimulator
		{CA2DD9C4-1502-46AA-B686-7C57389129A8}.Debug|Any CPU.ActiveCfg = Debug|x86
		{CA2DD9C4-1502-46AA-B686-7C57389129A8}.Debug|Any CPU.Build.0 = Debug|x86
		{CA2DD9C4-1502-46AA-B686-7C57389129A8}.Debug|Any CPU.Deploy.0 = Debug|x86
		{CA2DD9C4-1502-46AA-B686-7C57389129A8}.Debug|ARM.ActiveCfg = Debug|ARM
		{CA2DD9C4-1502-46AA-B686-7C57389129A8}.Debug|ARM.Build.0 = Debug|ARM
		{CA2DD9C4-1502-46AA-B686-7C57389129A8}.Debug|ARM.Deploy.0 = Debug|ARM
		{CA2DD9C4-1502-46AA-B686-7C57389129A8}.Debug|iPhone.ActiveCfg = Debug|x86
		{CA2DD9C4-1502-46AA-B686-7C57389129A8}.Debug|iPhoneSimulator.ActiveCfg = Debug|x86
		{CA2DD9C4-1502-46AA-B686-7C57389129A8}.Debug|x64.ActiveCfg = Debug|x64
		{CA2DD9C4-1502-46AA-B686-7C57389129A8}.Debug|x64.Build.0 = Debug|x64
		{CA2DD9C4-1502-46AA-B686-7C57389129A8}.Debug|x64.Deploy.0 = Debug|x64
		{CA2DD9C4-1502-46AA-B686-7C57389129A8}.Debug|x86.ActiveCfg = Debug|x86
		{CA2DD9C4-1502-46AA-B686-7C57389129A8}.Debug|x86.Build.0 = Debug|x86
		{CA2DD9C4-1502-46AA-B686-7C57389129A8}.Debug|x86.Deploy.0 = Debug|x86
		{CA2DD9C4-1502-46AA-B686-7C57389129A8}.Release|Any CPU.ActiveCfg = Release|x86
		{CA2DD9C4-1502-46AA-B686-7C57389129A8}.Release|ARM.ActiveCfg = Release|ARM
		{CA2DD9C4-1502-46AA-B686-7C57389129A8}.Release|ARM.Build.0 = Release|ARM
		{CA2DD9C4-1502-46AA-B686-7C57389129A8}.Release|ARM.Deploy.0 = Release|ARM
		{CA2DD9C4-1502-46AA-B686-7C57389129A8}.Release|iPhone.ActiveCfg = Release|x86
		{CA2DD9C4-1502-46AA-B686-7C57389129A8}.Release|iPhoneSimulator.ActiveCfg = Release|x86
		{CA2DD9C4-1502-46AA-B686-7C57389129A8}.Release|x64.ActiveCfg = Release|x64
		{CA2DD9C4-1502-46AA-B686-7C57389129A8}.Release|x64.Build.0 = Release|x64
		{CA2DD9C4-1502-46AA-B686-7C57389129A8}.Release|x64.Deploy.0 = Release|x64
		{CA2DD9C4-1502-46AA-B686-7C57389129A8}.Release|x86.ActiveCfg = Release|x86
		{CA2DD9C4-1502-46AA-B686-7C57389129A8}.Release|x86.Build.0 = Release|x86
		{CA2DD9C4-1502-46AA-B686-7C57389129A8}.Release|x86.Deploy.0 = Release|x86
		{4643711C-5C55-476E-A066-664A5A33D1A4}.Debug|Any CPU.ActiveCfg = Debug|Any CPU
		{4643711C-5C55-476E-A066-664A5A33D1A4}.Debug|Any CPU.Build.0 = Debug|Any CPU
		{4643711C-5C55-476E-A066-664A5A33D1A4}.Debug|ARM.ActiveCfg = Debug|Any CPU
		{4643711C-5C55-476E-A066-664A5A33D1A4}.Debug|ARM.Build.0 = Debug|Any CPU
		{4643711C-5C55-476E-A066-664A5A33D1A4}.Debug|iPhone.ActiveCfg = Debug|Any CPU
		{4643711C-5C55-476E-A066-664A5A33D1A4}.Debug|iPhone.Build.0 = Debug|Any CPU
		{4643711C-5C55-476E-A066-664A5A33D1A4}.Debug|iPhoneSimulator.ActiveCfg = Debug|Any CPU
		{4643711C-5C55-476E-A066-664A5A33D1A4}.Debug|iPhoneSimulator.Build.0 = Debug|Any CPU
		{4643711C-5C55-476E-A066-664A5A33D1A4}.Debug|x64.ActiveCfg = Debug|Any CPU
		{4643711C-5C55-476E-A066-664A5A33D1A4}.Debug|x64.Build.0 = Debug|Any CPU
		{4643711C-5C55-476E-A066-664A5A33D1A4}.Debug|x86.ActiveCfg = Debug|Any CPU
		{4643711C-5C55-476E-A066-664A5A33D1A4}.Debug|x86.Build.0 = Debug|Any CPU
		{4643711C-5C55-476E-A066-664A5A33D1A4}.Release|Any CPU.ActiveCfg = Release|Any CPU
		{4643711C-5C55-476E-A066-664A5A33D1A4}.Release|Any CPU.Build.0 = Release|Any CPU
		{4643711C-5C55-476E-A066-664A5A33D1A4}.Release|ARM.ActiveCfg = Release|Any CPU
		{4643711C-5C55-476E-A066-664A5A33D1A4}.Release|ARM.Build.0 = Release|Any CPU
		{4643711C-5C55-476E-A066-664A5A33D1A4}.Release|iPhone.ActiveCfg = Release|Any CPU
		{4643711C-5C55-476E-A066-664A5A33D1A4}.Release|iPhone.Build.0 = Release|Any CPU
		{4643711C-5C55-476E-A066-664A5A33D1A4}.Release|iPhoneSimulator.ActiveCfg = Release|Any CPU
		{4643711C-5C55-476E-A066-664A5A33D1A4}.Release|iPhoneSimulator.Build.0 = Release|Any CPU
		{4643711C-5C55-476E-A066-664A5A33D1A4}.Release|x64.ActiveCfg = Release|Any CPU
		{4643711C-5C55-476E-A066-664A5A33D1A4}.Release|x64.Build.0 = Release|Any CPU
		{4643711C-5C55-476E-A066-664A5A33D1A4}.Release|x86.ActiveCfg = Release|Any CPU
		{4643711C-5C55-476E-A066-664A5A33D1A4}.Release|x86.Build.0 = Release|Any CPU
		{424695E8-BF72-4F59-B5F7-EA841DF8E145}.Debug|Any CPU.ActiveCfg = Debug|Any CPU
		{424695E8-BF72-4F59-B5F7-EA841DF8E145}.Debug|Any CPU.Build.0 = Debug|Any CPU
		{424695E8-BF72-4F59-B5F7-EA841DF8E145}.Debug|ARM.ActiveCfg = Debug|Any CPU
		{424695E8-BF72-4F59-B5F7-EA841DF8E145}.Debug|ARM.Build.0 = Debug|Any CPU
		{424695E8-BF72-4F59-B5F7-EA841DF8E145}.Debug|iPhone.ActiveCfg = Debug|Any CPU
		{424695E8-BF72-4F59-B5F7-EA841DF8E145}.Debug|iPhone.Build.0 = Debug|Any CPU
		{424695E8-BF72-4F59-B5F7-EA841DF8E145}.Debug|iPhoneSimulator.ActiveCfg = Debug|Any CPU
		{424695E8-BF72-4F59-B5F7-EA841DF8E145}.Debug|iPhoneSimulator.Build.0 = Debug|Any CPU
		{424695E8-BF72-4F59-B5F7-EA841DF8E145}.Debug|x64.ActiveCfg = Debug|Any CPU
		{424695E8-BF72-4F59-B5F7-EA841DF8E145}.Debug|x64.Build.0 = Debug|Any CPU
		{424695E8-BF72-4F59-B5F7-EA841DF8E145}.Debug|x86.ActiveCfg = Debug|Any CPU
		{424695E8-BF72-4F59-B5F7-EA841DF8E145}.Debug|x86.Build.0 = Debug|Any CPU
		{424695E8-BF72-4F59-B5F7-EA841DF8E145}.Release|Any CPU.ActiveCfg = Release|Any CPU
		{424695E8-BF72-4F59-B5F7-EA841DF8E145}.Release|Any CPU.Build.0 = Release|Any CPU
		{424695E8-BF72-4F59-B5F7-EA841DF8E145}.Release|ARM.ActiveCfg = Release|Any CPU
		{424695E8-BF72-4F59-B5F7-EA841DF8E145}.Release|ARM.Build.0 = Release|Any CPU
		{424695E8-BF72-4F59-B5F7-EA841DF8E145}.Release|iPhone.ActiveCfg = Release|Any CPU
		{424695E8-BF72-4F59-B5F7-EA841DF8E145}.Release|iPhone.Build.0 = Release|Any CPU
		{424695E8-BF72-4F59-B5F7-EA841DF8E145}.Release|iPhoneSimulator.ActiveCfg = Release|Any CPU
		{424695E8-BF72-4F59-B5F7-EA841DF8E145}.Release|iPhoneSimulator.Build.0 = Release|Any CPU
		{424695E8-BF72-4F59-B5F7-EA841DF8E145}.Release|x64.ActiveCfg = Release|Any CPU
		{424695E8-BF72-4F59-B5F7-EA841DF8E145}.Release|x64.Build.0 = Release|Any CPU
		{424695E8-BF72-4F59-B5F7-EA841DF8E145}.Release|x86.ActiveCfg = Release|Any CPU
		{424695E8-BF72-4F59-B5F7-EA841DF8E145}.Release|x86.Build.0 = Release|Any CPU
		{2A9A3038-C67A-4381-9CD5-E0A593277C76}.Debug|Any CPU.ActiveCfg = Debug|Any CPU
		{2A9A3038-C67A-4381-9CD5-E0A593277C76}.Debug|Any CPU.Build.0 = Debug|Any CPU
		{2A9A3038-C67A-4381-9CD5-E0A593277C76}.Debug|ARM.ActiveCfg = Debug|Any CPU
		{2A9A3038-C67A-4381-9CD5-E0A593277C76}.Debug|ARM.Build.0 = Debug|Any CPU
		{2A9A3038-C67A-4381-9CD5-E0A593277C76}.Debug|iPhone.ActiveCfg = Debug|Any CPU
		{2A9A3038-C67A-4381-9CD5-E0A593277C76}.Debug|iPhone.Build.0 = Debug|Any CPU
		{2A9A3038-C67A-4381-9CD5-E0A593277C76}.Debug|iPhoneSimulator.ActiveCfg = Debug|Any CPU
		{2A9A3038-C67A-4381-9CD5-E0A593277C76}.Debug|iPhoneSimulator.Build.0 = Debug|Any CPU
		{2A9A3038-C67A-4381-9CD5-E0A593277C76}.Debug|x64.ActiveCfg = Debug|Any CPU
		{2A9A3038-C67A-4381-9CD5-E0A593277C76}.Debug|x64.Build.0 = Debug|Any CPU
		{2A9A3038-C67A-4381-9CD5-E0A593277C76}.Debug|x86.ActiveCfg = Debug|Any CPU
		{2A9A3038-C67A-4381-9CD5-E0A593277C76}.Debug|x86.Build.0 = Debug|Any CPU
		{2A9A3038-C67A-4381-9CD5-E0A593277C76}.Release|Any CPU.ActiveCfg = Release|Any CPU
		{2A9A3038-C67A-4381-9CD5-E0A593277C76}.Release|Any CPU.Build.0 = Release|Any CPU
		{2A9A3038-C67A-4381-9CD5-E0A593277C76}.Release|ARM.ActiveCfg = Release|Any CPU
		{2A9A3038-C67A-4381-9CD5-E0A593277C76}.Release|ARM.Build.0 = Release|Any CPU
		{2A9A3038-C67A-4381-9CD5-E0A593277C76}.Release|iPhone.ActiveCfg = Release|Any CPU
		{2A9A3038-C67A-4381-9CD5-E0A593277C76}.Release|iPhone.Build.0 = Release|Any CPU
		{2A9A3038-C67A-4381-9CD5-E0A593277C76}.Release|iPhoneSimulator.ActiveCfg = Release|Any CPU
		{2A9A3038-C67A-4381-9CD5-E0A593277C76}.Release|iPhoneSimulator.Build.0 = Release|Any CPU
		{2A9A3038-C67A-4381-9CD5-E0A593277C76}.Release|x64.ActiveCfg = Release|Any CPU
		{2A9A3038-C67A-4381-9CD5-E0A593277C76}.Release|x64.Build.0 = Release|Any CPU
		{2A9A3038-C67A-4381-9CD5-E0A593277C76}.Release|x86.ActiveCfg = Release|Any CPU
		{2A9A3038-C67A-4381-9CD5-E0A593277C76}.Release|x86.Build.0 = Release|Any CPU
		{ECBE4C27-7D70-4600-988F-E089BA087F5E}.Debug|Any CPU.ActiveCfg = Debug|Any CPU
		{ECBE4C27-7D70-4600-988F-E089BA087F5E}.Debug|Any CPU.Build.0 = Debug|Any CPU
		{ECBE4C27-7D70-4600-988F-E089BA087F5E}.Debug|Any CPU.Deploy.0 = Debug|Any CPU
		{ECBE4C27-7D70-4600-988F-E089BA087F5E}.Debug|ARM.ActiveCfg = Debug|Any CPU
		{ECBE4C27-7D70-4600-988F-E089BA087F5E}.Debug|ARM.Build.0 = Debug|Any CPU
		{ECBE4C27-7D70-4600-988F-E089BA087F5E}.Debug|ARM.Deploy.0 = Debug|Any CPU
		{ECBE4C27-7D70-4600-988F-E089BA087F5E}.Debug|iPhone.ActiveCfg = Debug|Any CPU
		{ECBE4C27-7D70-4600-988F-E089BA087F5E}.Debug|iPhone.Build.0 = Debug|Any CPU
		{ECBE4C27-7D70-4600-988F-E089BA087F5E}.Debug|iPhone.Deploy.0 = Debug|Any CPU
		{ECBE4C27-7D70-4600-988F-E089BA087F5E}.Debug|iPhoneSimulator.ActiveCfg = Debug|Any CPU
		{ECBE4C27-7D70-4600-988F-E089BA087F5E}.Debug|iPhoneSimulator.Build.0 = Debug|Any CPU
		{ECBE4C27-7D70-4600-988F-E089BA087F5E}.Debug|iPhoneSimulator.Deploy.0 = Debug|Any CPU
		{ECBE4C27-7D70-4600-988F-E089BA087F5E}.Debug|x64.ActiveCfg = Debug|Any CPU
		{ECBE4C27-7D70-4600-988F-E089BA087F5E}.Debug|x64.Build.0 = Debug|Any CPU
		{ECBE4C27-7D70-4600-988F-E089BA087F5E}.Debug|x64.Deploy.0 = Debug|Any CPU
		{ECBE4C27-7D70-4600-988F-E089BA087F5E}.Debug|x86.ActiveCfg = Debug|Any CPU
		{ECBE4C27-7D70-4600-988F-E089BA087F5E}.Debug|x86.Build.0 = Debug|Any CPU
		{ECBE4C27-7D70-4600-988F-E089BA087F5E}.Debug|x86.Deploy.0 = Debug|Any CPU
		{ECBE4C27-7D70-4600-988F-E089BA087F5E}.Release|Any CPU.ActiveCfg = Release|Any CPU
		{ECBE4C27-7D70-4600-988F-E089BA087F5E}.Release|Any CPU.Build.0 = Release|Any CPU
		{ECBE4C27-7D70-4600-988F-E089BA087F5E}.Release|Any CPU.Deploy.0 = Release|Any CPU
		{ECBE4C27-7D70-4600-988F-E089BA087F5E}.Release|ARM.ActiveCfg = Release|Any CPU
		{ECBE4C27-7D70-4600-988F-E089BA087F5E}.Release|ARM.Build.0 = Release|Any CPU
		{ECBE4C27-7D70-4600-988F-E089BA087F5E}.Release|ARM.Deploy.0 = Release|Any CPU
		{ECBE4C27-7D70-4600-988F-E089BA087F5E}.Release|iPhone.ActiveCfg = Release|Any CPU
		{ECBE4C27-7D70-4600-988F-E089BA087F5E}.Release|iPhone.Build.0 = Release|Any CPU
		{ECBE4C27-7D70-4600-988F-E089BA087F5E}.Release|iPhone.Deploy.0 = Release|Any CPU
		{ECBE4C27-7D70-4600-988F-E089BA087F5E}.Release|iPhoneSimulator.ActiveCfg = Release|Any CPU
		{ECBE4C27-7D70-4600-988F-E089BA087F5E}.Release|iPhoneSimulator.Build.0 = Release|Any CPU
		{ECBE4C27-7D70-4600-988F-E089BA087F5E}.Release|iPhoneSimulator.Deploy.0 = Release|Any CPU
		{ECBE4C27-7D70-4600-988F-E089BA087F5E}.Release|x64.ActiveCfg = Release|Any CPU
		{ECBE4C27-7D70-4600-988F-E089BA087F5E}.Release|x64.Build.0 = Release|Any CPU
		{ECBE4C27-7D70-4600-988F-E089BA087F5E}.Release|x64.Deploy.0 = Release|Any CPU
		{ECBE4C27-7D70-4600-988F-E089BA087F5E}.Release|x86.ActiveCfg = Release|Any CPU
		{ECBE4C27-7D70-4600-988F-E089BA087F5E}.Release|x86.Build.0 = Release|Any CPU
		{ECBE4C27-7D70-4600-988F-E089BA087F5E}.Release|x86.Deploy.0 = Release|Any CPU
	EndGlobalSection
	GlobalSection(SolutionProperties) = preSolution
		HideSolutionNode = FALSE
	EndGlobalSection
	GlobalSection(NestedProjects) = preSolution
		{10B3BA2C-374B-4663-8C99-C5CCCA04A039} = {74A0515C-14B2-40C5-B0EB-89F775FA1608}
		{CA2DD9C4-1502-46AA-B686-7C57389129A8} = {74A0515C-14B2-40C5-B0EB-89F775FA1608}
		{2A9A3038-C67A-4381-9CD5-E0A593277C76} = {74A0515C-14B2-40C5-B0EB-89F775FA1608}
		{ECBE4C27-7D70-4600-988F-E089BA087F5E} = {74A0515C-14B2-40C5-B0EB-89F775FA1608}
	EndGlobalSection
	GlobalSection(ExtensibilityGlobals) = postSolution
		SolutionGuid = {E9F5DCAF-E253-4C73-B266-9AC10B4D84CD}
	EndGlobalSection
EndGlobal
